<?xml version="1.0" encoding="UTF-8"?>
<!DOCTYPE plist PUBLIC "-//Apple//DTD PLIST 1.0//EN" "http://www.apple.com/DTDs/PropertyList-1.0.dtd">
<plist version="1.0">
<dict>
	<key>archiveVersion</key>
	<string>1</string>
	<key>classes</key>
	<dict/>
	<key>objectVersion</key>
	<string>54</string>
	<key>objects</key>
	<dict>
		<key>00DD1BFF1BD5951E006B06BC</key>
		<dict>
			<key>alwaysOutOfDate</key>
			<string>1</string>
			<key>buildActionMask</key>
			<string>2147483647</string>
			<key>files</key>
			<array/>
			<key>inputPaths</key>
			<array>
				<string>$(SRCROOT)/.xcode.env</string>
				<string>$(SRCROOT)/.xcode.env.local</string>
			</array>
			<key>isa</key>
			<string>PBXShellScriptBuildPhase</string>
			<key>name</key>
			<string>Bundle React Native code and images</string>
			<key>outputPaths</key>
			<array/>
			<key>runOnlyForDeploymentPostprocessing</key>
			<string>0</string>
			<key>shellPath</key>
			<string>/bin/sh</string>
			<key>shellScript</key>
			<string>if [[ -f "$PODS_ROOT/../.xcode.env" ]]; then
  source "$PODS_ROOT/../.xcode.env"
fi
if [[ -f "$PODS_ROOT/../.xcode.env.local" ]]; then
  source "$PODS_ROOT/../.xcode.env.local"
fi

# The project root by default is one level up from the ios directory
export PROJECT_ROOT="$PROJECT_DIR"/..

if [[ "$CONFIGURATION" = *Debug* ]]; then
  export SKIP_BUNDLING=1
fi
if [[ -z "$ENTRY_FILE" ]]; then
  # Set the entry JS file using the bundler's entry resolution.
  export ENTRY_FILE="$("$NODE_BINARY" -e "require('expo/scripts/resolveAppEntry')" "$PROJECT_ROOT" ios absolute | tail -n 1)"
fi

if [[ -z "$CLI_PATH" ]]; then
  # Use Expo CLI
  export CLI_PATH="$("$NODE_BINARY" --print "require.resolve('@expo/cli', { paths: [require.resolve('expo/package.json')] })")"
fi
if [[ -z "$BUNDLE_COMMAND" ]]; then
  # Default Expo CLI command for bundling
  export BUNDLE_COMMAND="export:embed"
fi

# Source .xcode.env.updates if it exists to allow
# SKIP_BUNDLING to be unset if needed
if [[ -f "$PODS_ROOT/../.xcode.env.updates" ]]; then
  source "$PODS_ROOT/../.xcode.env.updates"
fi
# Source local changes to allow overrides
# if needed
if [[ -f "$PODS_ROOT/../.xcode.env.local" ]]; then
  source "$PODS_ROOT/../.xcode.env.local"
fi

`"$NODE_BINARY" --print "require('path').dirname(require.resolve('react-native/package.json')) + '/scripts/react-native-xcode.sh'"`

</string>
		</dict>
		<key>08A4A3CD28434E44B6B9DE2E</key>
		<dict>
			<key>buildActionMask</key>
			<string>2147483647</string>
			<key>files</key>
			<array/>
			<key>inputFileListPaths</key>
			<array/>
			<key>inputPaths</key>
			<array>
				<string>${PODS_PODFILE_DIR_PATH}/Podfile.lock</string>
				<string>${PODS_ROOT}/Manifest.lock</string>
			</array>
			<key>isa</key>
			<string>PBXShellScriptBuildPhase</string>
			<key>name</key>
			<string>[CP] Check Pods Manifest.lock</string>
			<key>outputFileListPaths</key>
			<array/>
			<key>outputPaths</key>
			<array>
				<string>$(DERIVED_FILE_DIR)/Pods-ConstructionARPlatform-checkManifestLockResult.txt</string>
			</array>
			<key>runOnlyForDeploymentPostprocessing</key>
			<string>0</string>
			<key>shellPath</key>
			<string>/bin/sh</string>
			<key>shellScript</key>
			<string>diff "${PODS_PODFILE_DIR_PATH}/Podfile.lock" "${PODS_ROOT}/Manifest.lock" &gt; /dev/null
if [ $? != 0 ] ; then
    # print error to STDERR
    echo "error: The sandbox is not in sync with the Podfile.lock. Run 'pod install' or update your CocoaPods installation." &gt;&amp;2
    exit 1
fi
# This output is used by Xcode 'outputs' to avoid re-running this script phase.
echo "SUCCESS" &gt; "${SCRIPT_OUTPUT_FILE_0}"
</string>
			<key>showEnvVarsInLog</key>
			<string>0</string>
		</dict>
		<key>0C432679E50FFCD0AB83B32F</key>
		<dict>
			<key>includeInIndex</key>
			<string>1</string>
			<key>isa</key>
			<string>PBXFileReference</string>
			<key>lastKnownFileType</key>
			<string>text.xcconfig</string>
			<key>name</key>
			<string>Pods-ConstructionARPlatform.debug.xcconfig</string>
			<key>path</key>
			<string>Target Support Files/Pods-ConstructionARPlatform/Pods-ConstructionARPlatform.debug.xcconfig</string>
			<key>sourceTree</key>
			<string>&lt;group&gt;</string>
		</dict>
		<key>104E1F9C97DEFC1E8001526C</key>
		<dict>
			<key>fileRef</key>
			<string>3EED1075160C8CF56012CE2A</string>
			<key>isa</key>
			<string>PBXBuildFile</string>
		</dict>
		<key>127DABD09519E2BD7C0C4207</key>
		<dict>
			<key>fileRef</key>
			<string>2190F4B5AA5DA408F9146180</string>
			<key>isa</key>
			<string>PBXBuildFile</string>
		</dict>
		<key>13B07F861A680F5B00A75B9A</key>
		<dict>
			<key>buildConfigurationList</key>
			<string>13B07F931A680F5B00A75B9A</string>
			<key>buildPhases</key>
			<array>
				<string>08A4A3CD28434E44B6B9DE2E</string>
				<string>99DAC4317F6DFA4653C031AA</string>
				<string>13B07F871A680F5B00A75B9A</string>
				<string>13B07F8C1A680F5B00A75B9A</string>
				<string>13B07F8E1A680F5B00A75B9A</string>
				<string>00DD1BFF1BD5951E006B06BC</string>
				<string>800E24972A6A228C8D4807E9</string>
				<string>3529561E69EC4838BC9C606C</string>
				<string>F98DE457C9E238F53D4A3620</string>
			</array>
			<key>buildRules</key>
			<array/>
			<key>dependencies</key>
			<array/>
			<key>isa</key>
			<string>PBXNativeTarget</string>
			<key>name</key>
			<string>ConstructionARPlatform</string>
			<key>productName</key>
			<string>ConstructionARPlatform</string>
			<key>productReference</key>
			<string>13B07F961A680F5B00A75B9A</string>
			<key>productType</key>
			<string>com.apple.product-type.application</string>
		</dict>
		<key>13B07F871A680F5B00A75B9A</key>
		<dict>
			<key>buildActionMask</key>
			<string>2147483647</string>
			<key>files</key>
			<array>
				<string>F11748422D0307B40044C1D9</string>
				<string>A1B2C3D40100000000000001</string>
				<string>A1B2C3D40100000000000002</string>
				<string>A1B2C3D40100000000000003</string>
				<string>104E1F9C97DEFC1E8001526C</string>
			</array>
			<key>isa</key>
			<string>PBXSourcesBuildPhase</string>
			<key>runOnlyForDeploymentPostprocessing</key>
			<string>0</string>
		</dict>
		<key>13B07F8C1A680F5B00A75B9A</key>
		<dict>
			<key>buildActionMask</key>
			<string>2147483647</string>
			<key>files</key>
			<array>
				<string>127DABD09519E2BD7C0C4207</string>
			</array>
			<key>isa</key>
			<string>PBXFrameworksBuildPhase</string>
			<key>runOnlyForDeploymentPostprocessing</key>
			<string>0</string>
		</dict>
		<key>13B07F8E1A680F5B00A75B9A</key>
		<dict>
			<key>buildActionMask</key>
			<string>2147483647</string>
			<key>files</key>
			<array>
				<string>BB2F792D24A3F905000567C9</string>
				<string>13B07FBF1A68108700A75B9A</string>
				<string>3E461D99554A48A4959DE609</string>
				<string>86E918BF364A2E5A20FA7619</string>
			</array>
			<key>isa</key>
			<string>PBXResourcesBuildPhase</string>
			<key>runOnlyForDeploymentPostprocessing</key>
			<string>0</string>
		</dict>
		<key>13B07F931A680F5B00A75B9A</key>
		<dict>
			<key>buildConfigurations</key>
			<array>
				<string>13B07F941A680F5B00A75B9A</string>
				<string>13B07F951A680F5B00A75B9A</string>
			</array>
			<key>defaultConfigurationIsVisible</key>
			<string>0</string>
			<key>defaultConfigurationName</key>
			<string>Release</string>
			<key>isa</key>
			<string>XCConfigurationList</string>
		</dict>
		<key>13B07F941A680F5B00A75B9A</key>
		<dict>
			<key>baseConfigurationReference</key>
			<string>0C432679E50FFCD0AB83B32F</string>
			<key>buildSettings</key>
			<dict>
				<key>ASSETCATALOG_COMPILER_APPICON_NAME</key>
				<string>AppIcon</string>
				<key>CLANG_ENABLE_MODULES</key>
				<string>YES</string>
				<key>CODE_SIGN_ENTITLEMENTS</key>
				<string>ConstructionARPlatform/ConstructionARPlatform.entitlements</string>
				<key>CODE_SIGN_IDENTITY</key>
				<string>Apple Development</string>
				<key>CODE_SIGN_STYLE</key>
				<string>Automatic</string>
				<key>CURRENT_PROJECT_VERSION</key>
				<string>1</string>
				<key>DEVELOPMENT_TEAM</key>
				<string>H8HA49NVTT</string>
				<key>ENABLE_BITCODE</key>
				<string>NO</string>
				<key>GCC_PREPROCESSOR_DEFINITIONS</key>
				<array>
					<string>$(inherited)</string>
					<string>FB_SONARKIT_ENABLED=1</string>
				</array>
				<key>INFOPLIST_FILE</key>
				<string>ConstructionARPlatform/Info.plist</string>
				<key>IPHONEOS_DEPLOYMENT_TARGET</key>
				<string>16.4</string>
				<key>LD_RUNPATH_SEARCH_PATHS</key>
				<array>
					<string>$(inherited)</string>
					<string>@executable_path/Frameworks</string>
				</array>
				<key>MACOSX_DEPLOYMENT_TARGET</key>
				<string>13.4</string>
				<key>MARKETING_VERSION</key>
				<string>1.0</string>
				<key>OTHER_LDFLAGS</key>
				<array>
					<string>$(inherited)</string>
					<string>-ObjC</string>
					<string>-lc++</string>
				</array>
				<key>OTHER_SWIFT_FLAGS</key>
				<string>$(inherited) -D EXPO_CONFIGURATION_DEBUG</string>
				<key>PRODUCT_BUNDLE_IDENTIFIER</key>
				<string>com.kione83.construction-ar-platform</string>
				<key>PRODUCT_NAME</key>
				<string>ConstructionARPlatform</string>
				<key>SWIFT_OBJC_BRIDGING_HEADER</key>
				<string>ConstructionARPlatform/ConstructionARPlatform-Bridging-Header.h</string>
				<key>SWIFT_OPTIMIZATION_LEVEL</key>
				<string>-Onone</string>
				<key>SWIFT_VERSION</key>
				<string>5.0</string>
				<key>TARGETED_DEVICE_FAMILY</key>
				<string>1</string>
				<key>VERSIONING_SYSTEM</key>
				<string>apple-generic</string>
			</dict>
			<key>isa</key>
			<string>XCBuildConfiguration</string>
			<key>name</key>
			<string>Debug</string>
		</dict>
		<key>13B07F951A680F5B00A75B9A</key>
		<dict>
			<key>baseConfigurationReference</key>
			<string>C7582714ADBCE95CBD0F5F81</string>
			<key>buildSettings</key>
			<dict>
				<key>ASSETCATALOG_COMPILER_APPICON_NAME</key>
				<string>AppIcon</string>
				<key>CLANG_ENABLE_MODULES</key>
				<string>YES</string>
				<key>CODE_SIGN_ENTITLEMENTS</key>
				<string>ConstructionARPlatform/ConstructionARPlatform.entitlements</string>
				<key>CODE_SIGN_IDENTITY</key>
				<string>Apple Development</string>
				<key>CODE_SIGN_STYLE</key>
				<string>Automatic</string>
				<key>CURRENT_PROJECT_VERSION</key>
				<string>1</string>
				<key>DEVELOPMENT_TEAM</key>
				<string>H8HA49NVTT</string>
				<key>INFOPLIST_FILE</key>
				<string>ConstructionARPlatform/Info.plist</string>
				<key>IPHONEOS_DEPLOYMENT_TARGET</key>
				<string>16.4</string>
				<key>LD_RUNPATH_SEARCH_PATHS</key>
				<array>
					<string>$(inherited)</string>
					<string>@executable_path/Frameworks</string>
				</array>
				<key>MACOSX_DEPLOYMENT_TARGET</key>
				<string>13.4</string>
				<key>MARKETING_VERSION</key>
				<string>1.0</string>
				<key>OTHER_LDFLAGS</key>
				<array>
					<string>$(inherited)</string>
					<string>-ObjC</string>
					<string>-lc++</string>
				</array>
				<key>OTHER_SWIFT_FLAGS</key>
				<string>$(inherited) -D EXPO_CONFIGURATION_RELEASE</string>
				<key>PRODUCT_BUNDLE_IDENTIFIER</key>
				<string>com.kione83.construction-ar-platform</string>
				<key>PRODUCT_NAME</key>
				<string>ConstructionARPlatform</string>
				<key>SWIFT_OBJC_BRIDGING_HEADER</key>
				<string>ConstructionARPlatform/ConstructionARPlatform-Bridging-Header.h</string>
				<key>SWIFT_VERSION</key>
				<string>5.0</string>
				<key>TARGETED_DEVICE_FAMILY</key>
				<string>1</string>
				<key>VERSIONING_SYSTEM</key>
				<string>apple-generic</string>
			</dict>
			<key>isa</key>
			<string>XCBuildConfiguration</string>
			<key>name</key>
			<string>Release</string>
		</dict>
		<key>13B07F961A680F5B00A75B9A</key>
		<dict>
			<key>explicitFileType</key>
			<string>wrapper.application</string>
			<key>includeInIndex</key>
			<string>0</string>
			<key>isa</key>
			<string>PBXFileReference</string>
			<key>path</key>
			<string>ConstructionARPlatform.app</string>
			<key>sourceTree</key>
			<string>BUILT_PRODUCTS_DIR</string>
		</dict>
		<key>13B07FAE1A68108700A75B9A</key>
		<dict>
			<key>children</key>
			<array>
				<string>F11748412D0307B40044C1D9</string>
				<string>A1B2C3D40100000000000011</string>
				<string>A1B2C3D40100000000000012</string>
				<string>A1B2C3D40100000000000013</string>
				<string>F11748442D0722820044C1D9</string>
				<string>BB2F792B24A3F905000567C9</string>
				<string>13B07FB51A68108700A75B9A</string>
				<string>13B07FB61A68108700A75B9A</string>
				<string>AA286B85B6C04FC6940260E9</string>
				<string>769D7813D687D459D54D27A9</string>
			</array>
			<key>isa</key>
			<string>PBXGroup</string>
			<key>name</key>
			<string>ConstructionARPlatform</string>
			<key>sourceTree</key>
			<string>&lt;group&gt;</string>
		</dict>
		<key>13B07FB51A68108700A75B9A</key>
		<dict>
			<key>isa</key>
			<string>PBXFileReference</string>
			<key>lastKnownFileType</key>
			<string>folder.assetcatalog</string>
			<key>name</key>
			<string>Images.xcassets</string>
			<key>path</key>
			<string>ConstructionARPlatform/Images.xcassets</string>
			<key>sourceTree</key>
			<string>&lt;group&gt;</string>
		</dict>
		<key>13B07FB61A68108700A75B9A</key>
		<dict>
			<key>fileEncoding</key>
			<string>4</string>
			<key>isa</key>
			<string>PBXFileReference</string>
			<key>lastKnownFileType</key>
			<string>text.plist.xml</string>
			<key>name</key>
			<string>Info.plist</string>
			<key>path</key>
			<string>ConstructionARPlatform/Info.plist</string>
			<key>sourceTree</key>
			<string>&lt;group&gt;</string>
		</dict>
		<key>13B07FBF1A68108700A75B9A</key>
		<dict>
			<key>fileRef</key>
			<string>13B07FB51A68108700A75B9A</string>
			<key>isa</key>
			<string>PBXBuildFile</string>
		</dict>
		<key>2190F4B5AA5DA408F9146180</key>
		<dict>
			<key>explicitFileType</key>
			<string>archive.ar</string>
			<key>includeInIndex</key>
			<string>0</string>
			<key>isa</key>
			<string>PBXFileReference</string>
			<key>path</key>
			<string>libPods-ConstructionARPlatform.a</string>
			<key>sourceTree</key>
			<string>BUILT_PRODUCTS_DIR</string>
		</dict>
		<key>24CFD1C7CCDE207C4A073A3C</key>
		<dict>
			<key>children</key>
			<array>
				<string>3EED1075160C8CF56012CE2A</string>
			</array>
			<key>isa</key>
			<string>PBXGroup</string>
			<key>name</key>
			<string>ConstructionARPlatform</string>
			<key>sourceTree</key>
			<string>&lt;group&gt;</string>
		</dict>
		<key>2D16E6871FA4F8E400B85C8A</key>
		<dict>
			<key>children</key>
			<array>
				<string>ED297162215061F000B7C4FE</string>
				<string>2190F4B5AA5DA408F9146180</string>
			</array>
			<key>isa</key>
			<string>PBXGroup</string>
			<key>name</key>
			<string>Frameworks</string>
			<key>sourceTree</key>
			<string>&lt;group&gt;</string>
		</dict>
		<key>3529561E69EC4838BC9C606C</key>
		<dict>
			<key>buildActionMask</key>
			<string>2147483647</string>
			<key>files</key>
			<array/>
			<key>inputPaths</key>
			<array/>
			<key>isa</key>
			<string>PBXShellScriptBuildPhase</string>
			<key>name</key>
			<string>[Expo Dev Launcher] Strip Local Network Keys for Release</string>
			<key>outputPaths</key>
			<array/>
			<key>runOnlyForDeploymentPostprocessing</key>
			<string>0</string>
			<key>shellPath</key>
			<string>/bin/sh</string>
			<key>shellScript</key>
			<string># Strip dev-launcher-specific local network permission keys from non-Debug builds
# This only removes _expo._tcp Bonjour services and the dev-launcher usage description.
# Other Bonjour services and custom descriptions are preserved for production use.

if [ "$CONFIGURATION" != "Debug" ]; then
  PLIST_PATH="${TARGET_BUILD_DIR}/${INFOPLIST_PATH}"
  if [ -f "$PLIST_PATH" ]; then
    # Check if NSBonjourServices exists
    if /usr/libexec/PlistBuddy -c "Print :NSBonjourServices" "$PLIST_PATH" &gt;/dev/null 2&gt;&amp;1; then
      # Get the count of services
      COUNT=$(/usr/libexec/PlistBuddy -c "Print :NSBonjourServices" "$PLIST_PATH" 2&gt;/dev/null | grep "^    " | wc -l | tr -d ' ')

      # Remove _expo._tcp
      for ((i=COUNT-1; i&gt;=0; i--)); do
        SERVICE=$(/usr/libexec/PlistBuddy -c "Print :NSBonjourServices:$i" "$PLIST_PATH" 2&gt;/dev/null || echo "")
        if echo "$SERVICE" | grep -q "_expo._tcp"; then
          /usr/libexec/PlistBuddy -c "Delete :NSBonjourServices:$i" "$PLIST_PATH" 2&gt;/dev/null || true
        fi
      done

      # If the array is now empty, remove it entirely
      REMAINING=$(/usr/libexec/PlistBuddy -c "Print :NSBonjourServices" "$PLIST_PATH" 2&gt;/dev/null | grep "^    " | wc -l | tr -d ' ')
      if [ "$REMAINING" -eq "0" ]; then
        /usr/libexec/PlistBuddy -c "Delete :NSBonjourServices" "$PLIST_PATH" 2&gt;/dev/null || true
      fi
    fi

    # Only delete the description if it matches the dev-launcher default text
    DESC=$(/usr/libexec/PlistBuddy -c "Print :NSLocalNetworkUsageDescription" "$PLIST_PATH" 2&gt;/dev/null || echo "")
    if echo "$DESC" | grep -q "Expo Dev Launcher"; then
      /usr/libexec/PlistBuddy -c "Delete :NSLocalNetworkUsageDescription" "$PLIST_PATH" 2&gt;/dev/null || true
    fi
  fi
fi
</string>
		</dict>
		<key>3E461D99554A48A4959DE609</key>
		<dict>
			<key>fileRef</key>
			<string>AA286B85B6C04FC6940260E9</string>
			<key>isa</key>
			<string>PBXBuildFile</string>
		</dict>
		<key>3EED1075160C8CF56012CE2A</key>
		<dict>
			<key>includeInIndex</key>
			<string>1</string>
			<key>isa</key>
			<string>PBXFileReference</string>
			<key>lastKnownFileType</key>
			<string>sourcecode.swift</string>
			<key>name</key>
			<string>ExpoModulesProvider.swift</string>
			<key>path</key>
			<string>Pods/Target Support Files/Pods-ConstructionARPlatform/ExpoModulesProvider.swift</string>
			<key>sourceTree</key>
			<string>&lt;group&gt;</string>
		</dict>
		<key>545C2BE777199F3F718E326D</key>
		<dict>
			<key>children</key>
			<array>
				<string>0C432679E50FFCD0AB83B32F</string>
				<string>C7582714ADBCE95CBD0F5F81</string>
			</array>
			<key>isa</key>
			<string>PBXGroup</string>
			<key>path</key>
			<string>Pods</string>
			<key>sourceTree</key>
			<string>&lt;group&gt;</string>
		</dict>
		<key>769D7813D687D459D54D27A9</key>
		<dict>
			<key>includeInIndex</key>
			<string>1</string>
			<key>isa</key>
			<string>PBXFileReference</string>
			<key>lastKnownFileType</key>
			<string>text.xml</string>
			<key>name</key>
			<string>PrivacyInfo.xcprivacy</string>
			<key>path</key>
			<string>ConstructionARPlatform/PrivacyInfo.xcprivacy</string>
			<key>sourceTree</key>
			<string>&lt;group&gt;</string>
		</dict>
		<key>800E24972A6A228C8D4807E9</key>
		<dict>
			<key>buildActionMask</key>
			<string>2147483647</string>
			<key>files</key>
			<array/>
			<key>inputPaths</key>
			<array>
				<string>${PODS_ROOT}/Target Support Files/Pods-ConstructionARPlatform/Pods-ConstructionARPlatform-resources.sh</string>
				<string>${PODS_CONFIGURATION_BUILD_DIR}/EXConstants/EXConstants.bundle</string>
				<string>${PODS_CONFIGURATION_BUILD_DIR}/EXConstants/ExpoConstants_privacy.bundle</string>
				<string>${PODS_CONFIGURATION_BUILD_DIR}/ExpoFileSystem/ExpoFileSystem_privacy.bundle</string>
				<string>${PODS_CONFIGURATION_BUILD_DIR}/RNCAsyncStorage/RNCAsyncStorage_resources.bundle</string>
				<string>${PODS_CONFIGURATION_BUILD_DIR}/React-Core/React-Core_privacy.bundle</string>
				<string>${PODS_CONFIGURATION_BUILD_DIR}/React-cxxreact/React-cxxreact_privacy.bundle</string>
				<string>${PODS_CONFIGURATION_BUILD_DIR}/React-timing/React-timing_privacy.bundle</string>
				<string>${PODS_CONFIGURATION_BUILD_DIR}/expo-dev-launcher/EXDevLauncher.bundle</string>
				<string>${PODS_CONFIGURATION_BUILD_DIR}/expo-dev-menu/EXDevMenu.bundle</string>
			</array>
			<key>isa</key>
			<string>PBXShellScriptBuildPhase</string>
			<key>name</key>
			<string>[CP] Copy Pods Resources</string>
			<key>outputPaths</key>
			<array>
				<string>${TARGET_BUILD_DIR}/${UNLOCALIZED_RESOURCES_FOLDER_PATH}/EXConstants.bundle</string>
				<string>${TARGET_BUILD_DIR}/${UNLOCALIZED_RESOURCES_FOLDER_PATH}/ExpoConstants_privacy.bundle</string>
				<string>${TARGET_BUILD_DIR}/${UNLOCALIZED_RESOURCES_FOLDER_PATH}/ExpoFileSystem_privacy.bundle</string>
				<string>${TARGET_BUILD_DIR}/${UNLOCALIZED_RESOURCES_FOLDER_PATH}/RNCAsyncStorage_resources.bundle</string>
				<string>${TARGET_BUILD_DIR}/${UNLOCALIZED_RESOURCES_FOLDER_PATH}/React-Core_privacy.bundle</string>
				<string>${TARGET_BUILD_DIR}/${UNLOCALIZED_RESOURCES_FOLDER_PATH}/React-cxxreact_privacy.bundle</string>
				<string>${TARGET_BUILD_DIR}/${UNLOCALIZED_RESOURCES_FOLDER_PATH}/React-timing_privacy.bundle</string>
				<string>${TARGET_BUILD_DIR}/${UNLOCALIZED_RESOURCES_FOLDER_PATH}/EXDevLauncher.bundle</string>
				<string>${TARGET_BUILD_DIR}/${UNLOCALIZED_RESOURCES_FOLDER_PATH}/EXDevMenu.bundle</string>
			</array>
			<key>runOnlyForDeploymentPostprocessing</key>
			<string>0</string>
			<key>shellPath</key>
			<string>/bin/sh</string>
			<key>shellScript</key>
			<string>"${PODS_ROOT}/Target Support Files/Pods-ConstructionARPlatform/Pods-ConstructionARPlatform-resources.sh"
</string>
			<key>showEnvVarsInLog</key>
			<string>0</string>
		</dict>
		<key>832341AE1AAA6A7D00B99B32</key>
		<dict>
			<key>children</key>
			<array/>
			<key>isa</key>
			<string>PBXGroup</string>
			<key>name</key>
			<string>Libraries</string>
			<key>sourceTree</key>
			<string>&lt;group&gt;</string>
		</dict>
		<key>83CBB9F61A601CBA00E9B192</key>
		<dict>
			<key>children</key>
			<array>
				<string>13B07FAE1A68108700A75B9A</string>
				<string>832341AE1AAA6A7D00B99B32</string>
				<string>83CBBA001A601CBA00E9B192</string>
				<string>2D16E6871FA4F8E400B85C8A</string>
				<string>545C2BE777199F3F718E326D</string>
				<string>EF19F8808B367710A32F357A</string>
			</array>
			<key>indentWidth</key>
			<string>2</string>
			<key>isa</key>
			<string>PBXGroup</string>
			<key>sourceTree</key>
			<string>&lt;group&gt;</string>
			<key>tabWidth</key>
			<string>2</string>
			<key>usesTabs</key>
			<string>0</string>
		</dict>
		<key>83CBB9F71A601CBA00E9B192</key>
		<dict>
			<key>attributes</key>
			<dict>
				<key>LastUpgradeCheck</key>
				<string>1130</string>
				<key>TargetAttributes</key>
				<dict>
					<key>13B07F861A680F5B00A75B9A</key>
					<dict>
						<key>LastSwiftMigration</key>
						<string>1250</string>
						<key>ProvisioningStyle</key>
						<string>Automatic</string>
					</dict>
				</dict>
			</dict>
			<key>buildConfigurationList</key>
			<string>83CBB9FA1A601CBA00E9B192</string>
			<key>compatibilityVersion</key>
			<string>Xcode 3.2</string>
			<key>developmentRegion</key>
			<string>en</string>
			<key>hasScannedForEncodings</key>
			<string>0</string>
			<key>isa</key>
			<string>PBXProject</string>
			<key>knownRegions</key>
			<array>
				<string>en</string>
				<string>Base</string>
			</array>
			<key>mainGroup</key>
			<string>83CBB9F61A601CBA00E9B192</string>
			<key>productRefGroup</key>
			<string>83CBBA001A601CBA00E9B192</string>
			<key>projectDirPath</key>
			<string></string>
			<key>projectRoot</key>
			<string></string>
			<key>targets</key>
			<array>
				<string>13B07F861A680F5B00A75B9A</string>
			</array>
		</dict>
		<key>83CBB9FA1A601CBA00E9B192</key>
		<dict>
			<key>buildConfigurations</key>
			<array>
				<string>83CBBA201A601CBA00E9B192</string>
				<string>83CBBA211A601CBA00E9B192</string>
			</array>
			<key>defaultConfigurationIsVisible</key>
			<string>0</string>
			<key>defaultConfigurationName</key>
			<string>Release</string>
			<key>isa</key>
			<string>XCConfigurationList</string>
		</dict>
		<key>83CBBA001A601CBA00E9B192</key>
		<dict>
			<key>children</key>
			<array>
				<string>13B07F961A680F5B00A75B9A</string>
			</array>
			<key>isa</key>
			<string>PBXGroup</string>
			<key>name</key>
			<string>Products</string>
			<key>sourceTree</key>
			<string>&lt;group&gt;</string>
		</dict>
		<key>83CBBA201A601CBA00E9B192</key>
		<dict>
			<key>buildSettings</key>
			<dict>
				<key>ALWAYS_SEARCH_USER_PATHS</key>
				<string>NO</string>
				<key>CLANG_ANALYZER_LOCALIZABILITY_NONLOCALIZED</key>
				<string>YES</string>
				<key>CLANG_CXX_LANGUAGE_STANDARD</key>
				<string>c++20</string>
				<key>CLANG_CXX_LIBRARY</key>
				<string>libc++</string>
				<key>CLANG_ENABLE_MODULES</key>
				<string>YES</string>
				<key>CLANG_ENABLE_OBJC_ARC</key>
				<string>YES</string>
				<key>CLANG_WARN_BLOCK_CAPTURE_AUTORELEASING</key>
				<string>YES</string>
				<key>CLANG_WARN_BOOL_CONVERSION</key>
				<string>YES</string>
				<key>CLANG_WARN_COMMA</key>
				<string>YES</string>
				<key>CLANG_WARN_CONSTANT_CONVERSION</key>
				<string>YES</string>
				<key>CLANG_WARN_DEPRECATED_OBJC_IMPLEMENTATIONS</key>
				<string>YES</string>
				<key>CLANG_WARN_DIRECT_OBJC_ISA_USAGE</key>
				<string>YES_ERROR</string>
				<key>CLANG_WARN_EMPTY_BODY</key>
				<string>YES</string>
				<key>CLANG_WARN_ENUM_CONVERSION</key>
				<string>YES</string>
				<key>CLANG_WARN_INFINITE_RECURSION</key>
				<string>YES</string>
				<key>CLANG_WARN_INT_CONVERSION</key>
				<string>YES</string>
				<key>CLANG_WARN_NON_LITERAL_NULL_CONVERSION</key>
				<string>YES</string>
				<key>CLANG_WARN_OBJC_IMPLICIT_RETAIN_SELF</key>
				<string>YES</string>
				<key>CLANG_WARN_OBJC_LITERAL_CONVERSION</key>
				<string>YES</string>
				<key>CLANG_WARN_OBJC_ROOT_CLASS</key>
				<string>YES_ERROR</string>
				<key>CLANG_WARN_RANGE_LOOP_ANALYSIS</key>
				<string>YES</string>
				<key>CLANG_WARN_STRICT_PROTOTYPES</key>
				<string>YES</string>
				<key>CLANG_WARN_SUSPICIOUS_MOVE</key>
				<string>YES</string>
				<key>CLANG_WARN_UNREACHABLE_CODE</key>
				<string>YES</string>
				<key>CLANG_WARN__DUPLICATE_METHOD_MATCH</key>
				<string>YES</string>
				<key>CODE_SIGN_IDENTITY[sdk=iphoneos*]</key>
				<string>iPhone Developer</string>
				<key>COPY_PHASE_STRIP</key>
				<string>NO</string>
				<key>ENABLE_STRICT_OBJC_MSGSEND</key>
				<string>YES</string>
				<key>ENABLE_TESTABILITY</key>
				<string>YES</string>
				<key>GCC_C_LANGUAGE_STANDARD</key>
				<string>gnu99</string>
				<key>GCC_DYNAMIC_NO_PIC</key>
				<string>NO</string>
				<key>GCC_NO_COMMON_BLOCKS</key>
				<string>YES</string>
				<key>GCC_OPTIMIZATION_LEVEL</key>
				<string>0</string>
				<key>GCC_PREPROCESSOR_DEFINITIONS</key>
				<array>
					<string>DEBUG=1</string>
					<string>$(inherited)</string>
				</array>
				<key>GCC_SYMBOLS_PRIVATE_EXTERN</key>
				<string>NO</string>
				<key>GCC_WARN_64_TO_32_BIT_CONVERSION</key>
				<string>YES</string>
				<key>GCC_WARN_ABOUT_RETURN_TYPE</key>
				<string>YES_ERROR</string>
				<key>GCC_WARN_UNDECLARED_SELECTOR</key>
				<string>YES</string>
				<key>GCC_WARN_UNINITIALIZED_AUTOS</key>
				<string>YES_AGGRESSIVE</string>
				<key>GCC_WARN_UNUSED_FUNCTION</key>
				<string>YES</string>
				<key>GCC_WARN_UNUSED_VARIABLE</key>
				<string>YES</string>
				<key>IPHONEOS_DEPLOYMENT_TARGET</key>
				<string>16.4</string>
				<key>LD_RUNPATH_SEARCH_PATHS</key>
				<array>
					<string>/usr/lib/swift</string>
					<string>$(inherited)</string>
				</array>
				<key>LIBRARY_SEARCH_PATHS</key>
				<string>$(SDKROOT)/usr/lib/swift"$(inherited)"</string>
				<key>MTL_ENABLE_DEBUG_INFO</key>
				<string>YES</string>
				<key>ONLY_ACTIVE_ARCH</key>
				<string>YES</string>
				<key>OTHER_CFLAGS</key>
				<array>
					<string>$(inherited)</string>
					<string>-DRCT_REMOVE_LEGACY_ARCH=1</string>
				</array>
				<key>OTHER_CPLUSPLUSFLAGS</key>
				<array>
					<string>$(inherited)</string>
					<string>-DRCT_REMOVE_LEGACY_ARCH=1</string>
				</array>
				<key>PODFILE_DIR</key>
				<string>$(SRCROOT)</string>
				<key>REACT_NATIVE_PATH</key>
				<string>${PODS_ROOT}/../../node_modules/react-native</string>
				<key>SDKROOT</key>
				<string>iphoneos</string>
				<key>SWIFT_ACTIVE_COMPILATION_CONDITIONS</key>
				<string>$(inherited) DEBUG</string>
				<key>SWIFT_ENABLE_EXPLICIT_MODULES</key>
				<string>NO</string>
				<key>USE_HERMES</key>
				<string>true</string>
			</dict>
			<key>isa</key>
			<string>XCBuildConfiguration</string>
			<key>name</key>
			<string>Debug</string>
		</dict>
		<key>83CBBA211A601CBA00E9B192</key>
		<dict>
			<key>buildSettings</key>
			<dict>
				<key>ALWAYS_SEARCH_USER_PATHS</key>
				<string>NO</string>
				<key>CLANG_ANALYZER_LOCALIZABILITY_NONLOCALIZED</key>
				<string>YES</string>
				<key>CLANG_CXX_LANGUAGE_STANDARD</key>
				<string>c++20</string>
				<key>CLANG_CXX_LIBRARY</key>
				<string>libc++</string>
				<key>CLANG_ENABLE_MODULES</key>
				<string>YES</string>
				<key>CLANG_ENABLE_OBJC_ARC</key>
				<string>YES</string>
				<key>CLANG_WARN_BLOCK_CAPTURE_AUTORELEASING</key>
				<string>YES</string>
				<key>CLANG_WARN_BOOL_CONVERSION</key>
				<string>YES</string>
				<key>CLANG_WARN_COMMA</key>
				<string>YES</string>
				<key>CLANG_WARN_CONSTANT_CONVERSION</key>
				<string>YES</string>
				<key>CLANG_WARN_DEPRECATED_OBJC_IMPLEMENTATIONS</key>
				<string>YES</string>
				<key>CLANG_WARN_DIRECT_OBJC_ISA_USAGE</key>
				<string>YES_ERROR</string>
				<key>CLANG_WARN_EMPTY_BODY</key>
				<string>YES</string>
				<key>CLANG_WARN_ENUM_CONVERSION</key>
				<string>YES</string>
				<key>CLANG_WARN_INFINITE_RECURSION</key>
				<string>YES</string>
				<key>CLANG_WARN_INT_CONVERSION</key>
				<string>YES</string>
				<key>CLANG_WARN_NON_LITERAL_NULL_CONVERSION</key>
				<string>YES</string>
				<key>CLANG_WARN_OBJC_IMPLICIT_RETAIN_SELF</key>
				<string>YES</string>
				<key>CLANG_WARN_OBJC_LITERAL_CONVERSION</key>
				<string>YES</string>
				<key>CLANG_WARN_OBJC_ROOT_CLASS</key>
				<string>YES_ERROR</string>
				<key>CLANG_WARN_RANGE_LOOP_ANALYSIS</key>
				<string>YES</string>
				<key>CLANG_WARN_STRICT_PROTOTYPES</key>
				<string>YES</string>
				<key>CLANG_WARN_SUSPICIOUS_MOVE</key>
				<string>YES</string>
				<key>CLANG_WARN_UNREACHABLE_CODE</key>
				<string>YES</string>
				<key>CLANG_WARN__DUPLICATE_METHOD_MATCH</key>
				<string>YES</string>
				<key>CODE_SIGN_IDENTITY[sdk=iphoneos*]</key>
				<string>iPhone Developer</string>
				<key>COPY_PHASE_STRIP</key>
				<string>YES</string>
				<key>ENABLE_NS_ASSERTIONS</key>
				<string>NO</string>
				<key>ENABLE_STRICT_OBJC_MSGSEND</key>
				<string>YES</string>
				<key>GCC_C_LANGUAGE_STANDARD</key>
				<string>gnu99</string>
				<key>GCC_NO_COMMON_BLOCKS</key>
				<string>YES</string>
				<key>GCC_WARN_64_TO_32_BIT_CONVERSION</key>
				<string>YES</string>
				<key>GCC_WARN_ABOUT_RETURN_TYPE</key>
				<string>YES_ERROR</string>
				<key>GCC_WARN_UNDECLARED_SELECTOR</key>
				<string>YES</string>
				<key>GCC_WARN_UNINITIALIZED_AUTOS</key>
				<string>YES_AGGRESSIVE</string>
				<key>GCC_WARN_UNUSED_FUNCTION</key>
				<string>YES</string>
				<key>GCC_WARN_UNUSED_VARIABLE</key>
				<string>YES</string>
				<key>IPHONEOS_DEPLOYMENT_TARGET</key>
				<string>16.4</string>
				<key>LD_RUNPATH_SEARCH_PATHS</key>
				<array>
					<string>/usr/lib/swift</string>
					<string>$(inherited)</string>
				</array>
				<key>LIBRARY_SEARCH_PATHS</key>
				<string>$(SDKROOT)/usr/lib/swift"$(inherited)"</string>
				<key>MTL_ENABLE_DEBUG_INFO</key>
				<string>NO</string>
				<key>OTHER_CFLAGS</key>
				<array>
					<string>$(inherited)</string>
					<string>-DRCT_REMOVE_LEGACY_ARCH=1</string>
				</array>
				<key>OTHER_CPLUSPLUSFLAGS</key>
				<array>
					<string>$(inherited)</string>
					<string>-DRCT_REMOVE_LEGACY_ARCH=1</string>
				</array>
				<key>PODFILE_DIR</key>
				<string>$(SRCROOT)</string>
				<key>REACT_NATIVE_PATH</key>
				<string>${PODS_ROOT}/../../node_modules/react-native</string>
				<key>SDKROOT</key>
				<string>iphoneos</string>
				<key>SWIFT_ENABLE_EXPLICIT_MODULES</key>
				<string>NO</string>
				<key>USE_HERMES</key>
				<string>true</string>
				<key>VALIDATE_PRODUCT</key>
				<string>YES</string>
			</dict>
			<key>isa</key>
			<string>XCBuildConfiguration</string>
			<key>name</key>
			<string>Release</string>
		</dict>
		<key>86E918BF364A2E5A20FA7619</key>
		<dict>
			<key>fileRef</key>
			<string>769D7813D687D459D54D27A9</string>
			<key>isa</key>
			<string>PBXBuildFile</string>
		</dict>
		<key>99DAC4317F6DFA4653C031AA</key>
		<dict>
			<key>alwaysOutOfDate</key>
			<string>1</string>
			<key>buildActionMask</key>
			<string>2147483647</string>
			<key>files</key>
			<array/>
			<key>inputFileListPaths</key>
			<array/>
			<key>inputPaths</key>
			<array>
				<string>$(SRCROOT)/.xcode.env</string>
				<string>$(SRCROOT)/.xcode.env.local</string>
				<string>$(SRCROOT)/ConstructionARPlatform/ConstructionARPlatform.entitlements</string>
				<string>$(SRCROOT)/Pods/Target Support Files/Pods-ConstructionARPlatform/expo-configure-project.sh</string>
			</array>
			<key>isa</key>
			<string>PBXShellScriptBuildPhase</string>
			<key>name</key>
			<string>[Expo] Configure project</string>
			<key>outputFileListPaths</key>
			<array/>
			<key>outputPaths</key>
			<array>
				<string>$(SRCROOT)/Pods/Target Support Files/Pods-ConstructionARPlatform/ExpoModulesProvider.swift</string>
			</array>
			<key>runOnlyForDeploymentPostprocessing</key>
			<string>0</string>
			<key>shellPath</key>
			<string>/bin/sh</string>
			<key>shellScript</key>
			<string># This script configures Expo modules and generates the modules provider file.
bash -l -c "./Pods/Target\ Support\ Files/Pods-ConstructionARPlatform/expo-configure-project.sh"
</string>
		</dict>
		<key>A1B2C3D40100000000000001</key>
		<dict>
			<key>fileRef</key>
			<string>A1B2C3D40100000000000011</string>
			<key>isa</key>
			<string>PBXBuildFile</string>
		</dict>
		<key>A1B2C3D40100000000000002</key>
		<dict>
			<key>fileRef</key>
			<string>A1B2C3D40100000000000012</string>
			<key>isa</key>
			<string>PBXBuildFile</string>
		</dict>
		<key>A1B2C3D40100000000000003</key>
		<dict>
			<key>fileRef</key>
			<string>A1B2C3D40100000000000013</string>
			<key>isa</key>
			<string>PBXBuildFile</string>
		</dict>
		<key>A1B2C3D40100000000000011</key>
		<dict>
			<key>isa</key>
			<string>PBXFileReference</string>
			<key>lastKnownFileType</key>
			<string>sourcecode.swift</string>
			<key>name</key>
			<string>MeasurementARView.swift</string>
			<key>path</key>
			<string>ConstructionARPlatform/MeasurementARView.swift</string>
			<key>sourceTree</key>
			<string>&lt;group&gt;</string>
		</dict>
		<key>A1B2C3D40100000000000012</key>
		<dict>
			<key>isa</key>
			<string>PBXFileReference</string>
			<key>lastKnownFileType</key>
			<string>sourcecode.swift</string>
			<key>name</key>
			<string>MeasurementARViewManager.swift</string>
			<key>path</key>
			<string>ConstructionARPlatform/MeasurementARViewManager.swift</string>
			<key>sourceTree</key>
			<string>&lt;group&gt;</string>
		</dict>
		<key>A1B2C3D40100000000000013</key>
		<dict>
			<key>isa</key>
			<string>PBXFileReference</string>
			<key>lastKnownFileType</key>
			<string>sourcecode.c.objc</string>
			<key>name</key>
			<string>MeasurementARViewManagerBridge.m</string>
			<key>path</key>
			<string>ConstructionARPlatform/MeasurementARViewManagerBridge.m</string>
			<key>sourceTree</key>
			<string>&lt;group&gt;</string>
		</dict>
		<key>AA286B85B6C04FC6940260E9</key>
		<dict>
			<key>fileEncoding</key>
			<string>4</string>
			<key>isa</key>
			<string>PBXFileReference</string>
			<key>lastKnownFileType</key>
			<string>file.storyboard</string>
			<key>name</key>
			<string>SplashScreen.storyboard</string>
			<key>path</key>
			<string>ConstructionARPlatform/SplashScreen.storyboard</string>
			<key>sourceTree</key>
			<string>&lt;group&gt;</string>
		</dict>
		<key>BB2F792B24A3F905000567C9</key>
		<dict>
			<key>children</key>
			<array>
				<string>BB2F792C24A3F905000567C9</string>
			</array>
			<key>isa</key>
			<string>PBXGroup</string>
			<key>name</key>
			<string>Supporting</string>
			<key>path</key>
			<string>ConstructionARPlatform/Supporting</string>
			<key>sourceTree</key>
			<string>&lt;group&gt;</string>
		</dict>
		<key>BB2F792C24A3F905000567C9</key>
		<dict>
			<key>fileEncoding</key>
			<string>4</string>
			<key>isa</key>
			<string>PBXFileReference</string>
			<key>lastKnownFileType</key>
			<string>text.plist.xml</string>
			<key>path</key>
			<string>Expo.plist</string>
			<key>sourceTree</key>
			<string>&lt;group&gt;</string>
		</dict>
		<key>BB2F792D24A3F905000567C9</key>
		<dict>
			<key>fileRef</key>
			<string>BB2F792C24A3F905000567C9</string>
			<key>isa</key>
			<string>PBXBuildFile</string>
		</dict>
		<key>C7582714ADBCE95CBD0F5F81</key>
		<dict>
			<key>includeInIndex</key>
			<string>1</string>
			<key>isa</key>
			<string>PBXFileReference</string>
			<key>lastKnownFileType</key>
			<string>text.xcconfig</string>
			<key>name</key>
			<string>Pods-ConstructionARPlatform.release.xcconfig</string>
			<key>path</key>
			<string>Target Support Files/Pods-ConstructionARPlatform/Pods-ConstructionARPlatform.release.xcconfig</string>
			<key>sourceTree</key>
			<string>&lt;group&gt;</string>
		</dict>
		<key>ED297162215061F000B7C4FE</key>
		<dict>
			<key>isa</key>
			<string>PBXFileReference</string>
			<key>lastKnownFileType</key>
			<string>wrapper.framework</string>
			<key>name</key>
			<string>JavaScriptCore.framework</string>
			<key>path</key>
			<string>System/Library/Frameworks/JavaScriptCore.framework</string>
			<key>sourceTree</key>
			<string>SDKROOT</string>
		</dict>
		<key>EF19F8808B367710A32F357A</key>
		<dict>
			<key>children</key>
			<array>
				<string>24CFD1C7CCDE207C4A073A3C</string>
			</array>
			<key>isa</key>
			<string>PBXGroup</string>
			<key>name</key>
			<string>ExpoModulesProviders</string>
			<key>sourceTree</key>
			<string>&lt;group&gt;</string>
		</dict>
		<key>F11748412D0307B40044C1D9</key>
		<dict>
			<key>isa</key>
			<string>PBXFileReference</string>
			<key>lastKnownFileType</key>
			<string>sourcecode.swift</string>
			<key>name</key>
			<string>AppDelegate.swift</string>
			<key>path</key>
			<string>ConstructionARPlatform/AppDelegate.swift</string>
			<key>sourceTree</key>
			<string>&lt;group&gt;</string>
		</dict>
		<key>F11748422D0307B40044C1D9</key>
		<dict>
			<key>fileRef</key>
			<string>F11748412D0307B40044C1D9</string>
			<key>isa</key>
			<string>PBXBuildFile</string>
		</dict>
		<key>F11748442D0722820044C1D9</key>
		<dict>
			<key>isa</key>
			<string>PBXFileReference</string>
			<key>lastKnownFileType</key>
			<string>sourcecode.c.h</string>
			<key>name</key>
			<string>ConstructionARPlatform-Bridging-Header.h</string>
			<key>path</key>
			<string>ConstructionARPlatform/ConstructionARPlatform-Bridging-Header.h</string>
			<key>sourceTree</key>
			<string>&lt;group&gt;</string>
		</dict>
		<key>F98DE457C9E238F53D4A3620</key>
		<dict>
			<key>buildActionMask</key>
			<string>2147483647</string>
			<key>files</key>
			<array/>
			<key>inputPaths</key>
			<array>
				<string>${PODS_ROOT}/Target Support Files/Pods-ConstructionARPlatform/Pods-ConstructionARPlatform-frameworks.sh</string>
				<string>${PODS_XCFRAMEWORKS_BUILD_DIR}/ExpoCamera/ExpoCamera.framework/ExpoCamera</string>
				<string>${PODS_XCFRAMEWORKS_BUILD_DIR}/ExpoCameraBarcodeScanning/ExpoCameraBarcodeScanning.framework/ExpoCameraBarcodeScanning</string>
				<string>${PODS_XCFRAMEWORKS_BUILD_DIR}/ExpoCameraBarcodeScanning/ZXingObjC.framework/ZXingObjC</string>
				<string>${PODS_XCFRAMEWORKS_BUILD_DIR}/ExpoFileSystem/ExpoFileSystem.framework/ExpoFileSystem</string>
				<string>${PODS_XCFRAMEWORKS_BUILD_DIR}/ExpoFont/ExpoFont.framework/ExpoFont</string>
				<string>${PODS_XCFRAMEWORKS_BUILD_DIR}/ExpoModulesCore/ExpoModulesCore.framework/ExpoModulesCore</string>
				<string>${PODS_XCFRAMEWORKS_BUILD_DIR}/ExpoModulesJSI/ExpoModulesJSI.framework/ExpoModulesJSI</string>
				<string>${PODS_XCFRAMEWORKS_BUILD_DIR}/ExpoModulesWorklets/ExpoModulesWorklets.framework/ExpoModulesWorklets</string>
				<string>${PODS_XCFRAMEWORKS_BUILD_DIR}/JitsiWebRTC/WebRTC.framework/WebRTC</string>
				<string>${PODS_XCFRAMEWORKS_BUILD_DIR}/React-Core-prebuilt/React.framework/React</string>
				<string>${PODS_XCFRAMEWORKS_BUILD_DIR}/ReactNativeDependencies/ReactNativeDependencies.framework/ReactNativeDependencies</string>
				<string>${PODS_XCFRAMEWORKS_BUILD_DIR}/hermes-engine/Pre-built/hermesvm.framework/hermesvm</string>
			</array>
			<key>isa</key>
			<string>PBXShellScriptBuildPhase</string>
			<key>name</key>
			<string>[CP] Embed Pods Frameworks</string>
			<key>outputPaths</key>
			<array>
				<string>${TARGET_BUILD_DIR}/${FRAMEWORKS_FOLDER_PATH}/ExpoCamera.framework</string>
				<string>${TARGET_BUILD_DIR}/${FRAMEWORKS_FOLDER_PATH}/ExpoCameraBarcodeScanning.framework</string>
				<string>${TARGET_BUILD_DIR}/${FRAMEWORKS_FOLDER_PATH}/ZXingObjC.framework</string>
				<string>${TARGET_BUILD_DIR}/${FRAMEWORKS_FOLDER_PATH}/ExpoFileSystem.framework</string>
				<string>${TARGET_BUILD_DIR}/${FRAMEWORKS_FOLDER_PATH}/ExpoFont.framework</string>
				<string>${TARGET_BUILD_DIR}/${FRAMEWORKS_FOLDER_PATH}/ExpoModulesCore.framework</string>
				<string>${TARGET_BUILD_DIR}/${FRAMEWORKS_FOLDER_PATH}/ExpoModulesJSI.framework</string>
				<string>${TARGET_BUILD_DIR}/${FRAMEWORKS_FOLDER_PATH}/ExpoModulesWorklets.framework</string>
				<string>${TARGET_BUILD_DIR}/${FRAMEWORKS_FOLDER_PATH}/WebRTC.framework</string>
				<string>${TARGET_BUILD_DIR}/${FRAMEWORKS_FOLDER_PATH}/React.framework</string>
				<string>${TARGET_BUILD_DIR}/${FRAMEWORKS_FOLDER_PATH}/ReactNativeDependencies.framework</string>
				<string>${TARGET_BUILD_DIR}/${FRAMEWORKS_FOLDER_PATH}/hermesvm.framework</string>
			</array>
			<key>runOnlyForDeploymentPostprocessing</key>
			<string>0</string>
			<key>shellPath</key>
			<string>/bin/sh</string>
			<key>shellScript</key>
			<string>"${PODS_ROOT}/Target Support Files/Pods-ConstructionARPlatform/Pods-ConstructionARPlatform-frameworks.sh"
</string>
			<key>showEnvVarsInLog</key>
			<string>0</string>
		</dict>
	</dict>
	<key>rootObject</key>
	<string>83CBB9F71A601CBA00E9B192</string>
</dict>
</plist>
